
Microsoft Visual Studio Solution File, Format Version 12.00
# Visual Studio Version 17
VisualStudioVersion = 17.11.35303.130
MinimumVisualStudioVersion = 10.0.40219.1
Project("{8BC9CEB8-8B4A-11D0-8D11-00A0C91BC942}") = "Tutorium_FiniteStateMachine_2409", "Tutorium_FiniteStateMachine_2409.vcxproj", "{70860C2D-8BAD-420B-B591-7675FC258CD5}"
EndProject
Global
	GlobalSection(SolutionConfigurationPlatforms) = preSolution
		Debug|x64 = Debug|x64
		Debug|x86 = Debug|x86
		Release|x64 = Release|x64
		Release|x86 = Release|x86
	EndGlobalSection
	GlobalSection(ProjectConfigurationPlatforms) = postSolution
		{70860C2D-8BAD-420B-B591-7675FC258CD5}.Debug|x64.ActiveCfg = Debug|x64
		{70860C2D-8BAD-420B-B591-7675FC258CD5}.Debug|x64.Build.0 = Debug|x64
		{70860C2D-8BAD-420B-B591-7675FC258CD5}.Debug|x86.ActiveCfg = Debug|Win32
		{70860C2D-8BAD-420B-B591-7675FC258CD5}.Debug|x86.Build.0 = Debug|Win32
		{70860C2D-8BAD-420B-B591-7675FC258CD5}.Release|x64.ActiveCfg = Release|x64
		{70860C2D-8BAD-420B-B591-7675FC258CD5}.Release|x64.Build.0 = Release|x64
		{70860C2D-8BAD-420B-B591-7675FC258CD5}.Release|x86.ActiveCfg = Release|Win32
		{70860C2D-8BAD-420B-B591-7675FC258CD5}.Release|x86.Build.0 = Release|Win32
	EndGlobalSection
	GlobalSection(SolutionProperties) = preSolution
		HideSolutionNode = FALSE
	EndGlobalSection
	GlobalSection(ExtensibilityGlobals) = postSolution
		SolutionGuid = {483F30A1-4E81-4331-92EC-DEE503AA594D}
	EndGlobalSection
EndGlobal
